
Microsoft Visual Studio Solution File, Format Version 12.00
# Visual Studio 2012
Project("{FAE04EC0-301F-11D3-BF4B-00C04F79EFBC}") = "ClassProj3", "ClassProj3\ClassProj3.csproj", "{13083960-5E30-4314-98D8-037AC809E08E}"
EndProject
Global
	GlobalSection(SolutionConfigurationPlatforms) = preSolution
		Debug|x86 = Debug|x86
		Release|x86 = Release|x86
	EndGlobalSection
	GlobalSection(ProjectConfigurationPlatforms) = postSolution
		{13083960-5E30-4314-98D8-037AC809E08E}.Debug|x86.ActiveCfg = Debug|x86
		{13083960-5E30-4314-98D8-037AC809E08E}.Debug|x86.Build.0 = Debug|x86
		{13083960-5E30-4314-98D8-037AC809E08E}.Release|x86.ActiveCfg = Release|x86
		{13083960-5E30-4314-98D8-037AC809E08E}.Release|x86.Build.0 = Release|x86
	EndGlobalSection
EndGlobal
